version = 1
requires-python = ">=3.10"

[[package]]
name = "fire"
version = "0.6.0"
source = { registry = "https://pypi.org/simple" }
dependencies = [
    { name = "six" },
    { name = "termcolor" },
]
sdist = { url = "https://files.pythonhosted.org/packages/1b/1b/84c63f592ecdfbb3d77d22a8d93c9b92791e4fa35677ad71a7d6449100f8/fire-0.6.0.tar.gz", hash = "sha256:54ec5b996ecdd3c0309c800324a0703d6da512241bc73b553db959d98de0aa66", size = 88439 }

[[package]]
name = "ruamel-yaml"
version = "0.18.6"
source = { registry = "https://pypi.org/simple" }
dependencies = [
    { name = "ruamel-yaml-clib", marker = "python_full_version < '3.13' and platform_python_implementation == 'CPython'" },
]
sdist = { url = "https://files.pythonhosted.org/packages/29/81/4dfc17eb6ebb1aac314a3eb863c1325b907863a1b8b1382cdffcb6ac0ed9/ruamel.yaml-0.18.6.tar.gz", hash = "sha256:8b27e6a217e786c6fbe5634d8f3f11bc63e0f80f6a5890f28863d9c45aac311b", size = 143362 }
wheels = [
    { url = "https://files.pythonhosted.org/packages/73/67/8ece580cc363331d9a53055130f86b096bf16e38156e33b1d3014fffda6b/ruamel.yaml-0.18.6-py3-none-any.whl", hash = "sha256:57b53ba33def16c4f3d807c0ccbc00f8a6081827e81ba2491691b76882d0c636", size = 117761 },
]

[[package]]
name = "ruamel-yaml-clib"
version = "0.2.8"
source = { registry = "https://pypi.org/simple" }
sdist = { url = "https://files.pythonhosted.org/packages/46/ab/bab9eb1566cd16f060b54055dd39cf6a34bfa0240c53a7218c43e974295b/ruamel.yaml.clib-0.2.8.tar.gz", hash = "sha256:beb2e0404003de9a4cab9753a8805a8fe9320ee6673136ed7f04255fe60bb512", size = 213824 }
wheels = [
    { url = "https://files.pythonhosted.org/packages/ca/01/37ac131614f71b98e9b148b2d7790662dcee92217d2fb4bac1aa377def33/ruamel.yaml.clib-0.2.8-cp310-cp310-macosx_10_9_universal2.whl", hash = "sha256:b42169467c42b692c19cf539c38d4602069d8c1505e97b86387fcf7afb766e1d", size = 148236 },
    { url = "https://files.pythonhosted.org/packages/61/ee/4874c9fc96010fce85abefdcbe770650c5324288e988d7a48b527a423815/ruamel.yaml.clib-0.2.8-cp310-cp310-macosx_13_0_arm64.whl", hash = "sha256:07238db9cbdf8fc1e9de2489a4f68474e70dffcb32232db7c08fa61ca0c7c462", size = 133996 },
    { url = "https://files.pythonhosted.org/packages/d3/62/c60b034d9a008bbd566eeecf53a5a4c73d191c8de261290db6761802b72d/ruamel.yaml.clib-0.2.8-cp310-cp310-manylinux_2_17_x86_64.manylinux2014_x86_64.manylinux_2_24_x86_64.whl", hash = "sha256:fff3573c2db359f091e1589c3d7c5fc2f86f5bdb6f24252c2d8e539d4e45f412", size = 526680 },
    { url = "https://files.pythonhosted.org/packages/90/8c/6cdb44f548b29eb6328b9e7e175696336bc856de2ff82e5776f860f03822/ruamel.yaml.clib-0.2.8-cp310-cp310-manylinux_2_24_aarch64.whl", hash = "sha256:aa2267c6a303eb483de8d02db2871afb5c5fc15618d894300b88958f729ad74f", size = 605853 },
    { url = "https://files.pythonhosted.org/packages/88/30/fc45b45d5eaf2ff36cffd215a2f85e9b90ac04e70b97fd4097017abfb567/ruamel.yaml.clib-0.2.8-cp310-cp310-musllinux_1_1_i686.whl", hash = "sha256:840f0c7f194986a63d2c2465ca63af8ccbbc90ab1c6001b1978f05119b5e7334", size = 655206 },
    { url = "https://files.pythonhosted.org/packages/af/dc/133547f90f744a0c827bac5411d84d4e81da640deb3af1459e38c5f3b6a0/ruamel.yaml.clib-0.2.8-cp310-cp310-musllinux_1_1_x86_64.whl", hash = "sha256:024cfe1fc7c7f4e1aff4a81e718109e13409767e4f871443cbff3dba3578203d", size = 689649 },
    { url = "https://files.pythonhosted.org/packages/23/1d/589139191b187a3c750ae8d983c42fd799246d5f0dd84451a0575c9bdbe9/ruamel.yaml.clib-0.2.8-cp310-cp310-win32.whl", hash = "sha256:c69212f63169ec1cfc9bb44723bf2917cbbd8f6191a00ef3410f5a7fe300722d", size = 100044 },
    { url = "https://files.pythonhosted.org/packages/4f/5b/744df20285a75ac4c606452ce9a0fcc42087d122f42294518ded1017697c/ruamel.yaml.clib-0.2.8-cp310-cp310-win_amd64.whl", hash = "sha256:cabddb8d8ead485e255fe80429f833172b4cadf99274db39abc080e068cbcc31", size = 117825 },
    { url = "https://files.pythonhosted.org/packages/b1/15/971b385c098e8d0d170893f5ba558452bb7b776a0c90658b8f4dd0e3382b/ruamel.yaml.clib-0.2.8-cp311-cp311-macosx_10_9_universal2.whl", hash = "sha256:bef08cd86169d9eafb3ccb0a39edb11d8e25f3dae2b28f5c52fd997521133069", size = 148870 },
    { url = "https://files.pythonhosted.org/packages/01/b0/4ddef56e9f703d7909febc3a421d709a3482cda25826816ec595b73e3847/ruamel.yaml.clib-0.2.8-cp311-cp311-macosx_13_0_arm64.whl", hash = "sha256:b16420e621d26fdfa949a8b4b47ade8810c56002f5389970db4ddda51dbff248", size = 134475 },
    { url = "https://files.pythonhosted.org/packages/a4/f7/22d6b620ed895a05d40802d8281eff924dc6190f682d933d4efff60db3b5/ruamel.yaml.clib-0.2.8-cp311-cp311-manylinux_2_17_x86_64.manylinux2014_x86_64.manylinux_2_24_x86_64.whl", hash = "sha256:25c515e350e5b739842fc3228d662413ef28f295791af5e5110b543cf0b57d9b", size = 544020 },
    { url = "https://files.pythonhosted.org/packages/7c/e4/0d19d65e340f93df1c47f323d95fa4b256bb28320290f5fddef90837853a/ruamel.yaml.clib-0.2.8-cp311-cp311-manylinux_2_24_aarch64.whl", hash = "sha256:1707814f0d9791df063f8c19bb51b0d1278b8e9a2353abbb676c2f685dee6afe", size = 642643 },
    { url = "https://files.pythonhosted.org/packages/c9/ff/f781eb5e2ae011e586d5426e2086a011cf1e0f59704a6cad1387975c5a62/ruamel.yaml.clib-0.2.8-cp311-cp311-musllinux_1_1_i686.whl", hash = "sha256:46d378daaac94f454b3a0e3d8d78cafd78a026b1d71443f4966c696b48a6d899", size = 695832 },
    { url = "https://files.pythonhosted.org/packages/e3/41/f62e67ac651358b8f0d60cfb12ab2daf99b1b69eeaa188d0cec809d943a6/ruamel.yaml.clib-0.2.8-cp311-cp311-musllinux_1_1_x86_64.whl", hash = "sha256:09b055c05697b38ecacb7ac50bdab2240bfca1a0c4872b0fd309bb07dc9aa3a9", size = 730923 },
    { url = "https://files.pythonhosted.org/packages/9f/f0/19ab8acbf983cd1b37f47d27ceb8b10a738d60d36316a54bad57e0d73fbb/ruamel.yaml.clib-0.2.8-cp311-cp311-win32.whl", hash = "sha256:53a300ed9cea38cf5a2a9b069058137c2ca1ce658a874b79baceb8f892f915a7", size = 99999 },
    { url = "https://files.pythonhosted.org/packages/ec/54/d8a795997921d87224c65d44499ca595a833093fb215b133f920c1062956/ruamel.yaml.clib-0.2.8-cp311-cp311-win_amd64.whl", hash = "sha256:c2a72e9109ea74e511e29032f3b670835f8a59bbdc9ce692c5b4ed91ccf1eedb", size = 118008 },
    { url = "https://files.pythonhosted.org/packages/7a/a2/eb5e9d088cb9d15c24d956944c09dca0a89108ad6e2e913c099ef36e3f0d/ruamel.yaml.clib-0.2.8-cp312-cp312-macosx_10_9_universal2.whl", hash = "sha256:ebc06178e8821efc9692ea7544aa5644217358490145629914d8020042c24aa1", size = 144636 },
    { url = "https://files.pythonhosted.org/packages/66/98/8de4f22bbfd9135deb3422e96d450c4bc0a57d38c25976119307d2efe0aa/ruamel.yaml.clib-0.2.8-cp312-cp312-macosx_13_0_arm64.whl", hash = "sha256:edaef1c1200c4b4cb914583150dcaa3bc30e592e907c01117c08b13a07255ec2", size = 135684 },
    { url = "https://files.pythonhosted.org/packages/30/d3/5fe978cd01a61c12efd24d65fa68c6f28f28c8073a06cf11db3a854390ca/ruamel.yaml.clib-0.2.8-cp312-cp312-manylinux_2_17_x86_64.manylinux2014_x86_64.manylinux_2_28_x86_64.whl", hash = "sha256:d176b57452ab5b7028ac47e7b3cf644bcfdc8cacfecf7e71759f7f51a59e5c92", size = 734571 },
    { url = "https://files.pythonhosted.org/packages/55/b3/e2531a050758b717c969cbf76c103b75d8a01e11af931b94ba656117fbe9/ruamel.yaml.clib-0.2.8-cp312-cp312-manylinux_2_24_aarch64.whl", hash = "sha256:1dc67314e7e1086c9fdf2680b7b6c2be1c0d8e3a8279f2e993ca2a7545fecf62", size = 643946 },
    { url = "https://files.pythonhosted.org/packages/0d/aa/06db7ca0995b513538402e11280282c615b5ae5f09eb820460d35fb69715/ruamel.yaml.clib-0.2.8-cp312-cp312-musllinux_1_1_i686.whl", hash = "sha256:3213ece08ea033eb159ac52ae052a4899b56ecc124bb80020d9bbceeb50258e9", size = 692169 },
    { url = "https://files.pythonhosted.org/packages/27/38/4cf4d482b84ecdf51efae6635cc5483a83cf5ca9d9c13e205a750e251696/ruamel.yaml.clib-0.2.8-cp312-cp312-musllinux_1_1_x86_64.whl", hash = "sha256:aab7fd643f71d7946f2ee58cc88c9b7bfc97debd71dcc93e03e2d174628e7e2d", size = 740325 },
    { url = "https://files.pythonhosted.org/packages/6f/67/c62c6eea53a4feb042727a3d6c18f50dc99683c2b199c06bd2a9e3db8e22/ruamel.yaml.clib-0.2.8-cp312-cp312-win32.whl", hash = "sha256:5c365d91c88390c8d0a8545df0b5857172824b1c604e867161e6b3d59a827eaa", size = 98639 },
    { url = "https://files.pythonhosted.org/packages/10/d2/52a3d810d0b5b3720725c0504a27b3fced7b6f310fe928f7019d79387bc1/ruamel.yaml.clib-0.2.8-cp312-cp312-win_amd64.whl", hash = "sha256:1758ce7d8e1a29d23de54a16ae867abd370f01b5a69e1a3ba75223eaa3ca1a1b", size = 115305 },
]

[[package]]
name = "scripts"
version = "0.1.0"
source = { virtual = "." }
dependencies = [
    { name = "fire" },
    { name = "ruamel-yaml" },
]

[package.metadata]
requires-dist = [
    { name = "fire", specifier = ">=0.6.0" },
    { name = "ruamel-yaml", specifier = ">=0.18.6" },
]

[[package]]
name = "six"
version = "1.16.0"
source = { registry = "https://pypi.org/simple" }
sdist = { url = "https://files.pythonhosted.org/packages/71/39/171f1c67cd00715f190ba0b100d606d440a28c93c7714febeca8b79af85e/six-1.16.0.tar.gz", hash = "sha256:1e61c37477a1626458e36f7b1d82aa5c9b094fa4802892072e49de9c60c4c926", size = 34041 }
wheels = [
    { url = "https://files.pythonhosted.org/packages/d9/5a/e7c31adbe875f2abbb91bd84cf2dc52d792b5a01506781dbcf25c91daf11/six-1.16.0-py2.py3-none-any.whl", hash = "sha256:8abb2f1d86890a2dfb989f9a77cfcfd3e47c2a354b01111771326f8aa26e0254", size = 11053 },
]

[[package]]
name = "termcolor"
version = "2.4.0"
source = { registry = "https://pypi.org/simple" }
sdist = { url = "https://files.pythonhosted.org/packages/10/56/d7d66a84f96d804155f6ff2873d065368b25a07222a6fd51c4f24ef6d764/termcolor-2.4.0.tar.gz", hash = "sha256:aab9e56047c8ac41ed798fa36d892a37aca6b3e9159f3e0c24bc64a9b3ac7b7a", size = 12664 }
wheels = [
    { url = "https://files.pythonhosted.org/packages/d9/5f/8c716e47b3a50cbd7c146f45881e11d9414def768b7cd9c5e6650ec2a80a/termcolor-2.4.0-py3-none-any.whl", hash = "sha256:9297c0df9c99445c2412e832e882a7884038a25617c60cea2ad69488d4040d63", size = 7719 },
]
